{
  "name": "osuchatbot",
  "version": "1.0.0",
  "lockfileVersion": 1,
  "requires": true,
  "dependencies": {
    "bancho.js": {
      "version": "0.9.6",
      "resolved": "https://registry.npmjs.org/bancho.js/-/bancho.js-0.9.6.tgz",
      "integrity": "sha512-w1iL0fOla8IbOyQAd5vjRhu5YKzwEZiNs98hnVMOicQWSP6gA4ZaHM+0DzjRaa/ZQLuVfa2bVTYjwLkQwPlEOw==",
      "requires": {
        "nodesu": "^0.6.4"
      }
    },
    "limiter": {
      "version": "1.1.4",
      "resolved": "https://registry.npmjs.org/limiter/-/limiter-1.1.4.tgz",
      "integrity": "sha512-XCpr5bElgDI65vVgstP8TWjv6/QKWm9GU5UG0Pr5sLQ3QLo8NVKsioe+Jed5/3vFOe3IQuqE7DKwTvKQkjTHvg=="
    },
    "nodesu": {
      "version": "0.6.7",
      "resolved": "https://registry.npmjs.org/nodesu/-/nodesu-0.6.7.tgz",
      "integrity": "sha512-6mWRfFYZmNT+nmTLr1InVCB6zsxpfe3tx42wSOsJAL42p8pBtDTDEwUe5DqnMxnkRbpjCTyCUPNVG7dll69ASg==",
      "requires": {
        "limiter": "^1.1.0"
      }
    }
  }
}
